
Microsoft Visual Studio Solution File, Format Version 12.00
# Visual Studio 15
VisualStudioVersion = 15.0.27703.2000
MinimumVisualStudioVersion = 10.0.40219.1
Project("{FAE04EC0-301F-11D3-BF4B-00C04F79EFBC}") = "SuperAdventure", "SuperAdventure\SuperAdventure.csproj", "{312E09B3-A732-4C5B-9F2E-74B18942BE73}"
EndProject
Project("{FAE04EC0-301F-11D3-BF4B-00C04F79EFBC}") = "Engine", "Engine\Engine.csproj", "{D41E1D20-296C-4A6B-8F96-758822651BF6}"
EndProject
Project("{FAE04EC0-301F-11D3-BF4B-00C04F79EFBC}") = "SuperAdventureConsole", "SuperAdventureConsole\SuperAdventureConsole.csproj", "{BBD35199-C49F-473F-9F47-1A19AF0752F8}"
EndProject
Global
	GlobalSection(SolutionConfigurationPlatforms) = preSolution
		Debug|Any CPU = Debug|Any CPU
		Release|Any CPU = Release|Any CPU
	EndGlobalSection
	GlobalSection(ProjectConfigurationPlatforms) = postSolution
		{312E09B3-A732-4C5B-9F2E-74B18942BE73}.Debug|Any CPU.ActiveCfg = Debug|Any CPU
		{312E09B3-A732-4C5B-9F2E-74B18942BE73}.Debug|Any CPU.Build.0 = Debug|Any CPU
		{312E09B3-A732-4C5B-9F2E-74B18942BE73}.Release|Any CPU.ActiveCfg = Release|Any CPU
		{312E09B3-A732-4C5B-9F2E-74B18942BE73}.Release|Any CPU.Build.0 = Release|Any CPU
		{D41E1D20-296C-4A6B-8F96-758822651BF6}.Debug|Any CPU.ActiveCfg = Debug|Any CPU
		{D41E1D20-296C-4A6B-8F96-758822651BF6}.Debug|Any CPU.Build.0 = Debug|Any CPU
		{D41E1D20-296C-4A6B-8F96-758822651BF6}.Release|Any CPU.ActiveCfg = Release|Any CPU
		{D41E1D20-296C-4A6B-8F96-758822651BF6}.Release|Any CPU.Build.0 = Release|Any CPU
		{BBD35199-C49F-473F-9F47-1A19AF0752F8}.Debug|Any CPU.ActiveCfg = Debug|Any CPU
		{BBD35199-C49F-473F-9F47-1A19AF0752F8}.Debug|Any CPU.Build.0 = Debug|Any CPU
		{BBD35199-C49F-473F-9F47-1A19AF0752F8}.Release|Any CPU.ActiveCfg = Release|Any CPU
		{BBD35199-C49F-473F-9F47-1A19AF0752F8}.Release|Any CPU.Build.0 = Release|Any CPU
	EndGlobalSection
	GlobalSection(SolutionProperties) = preSolution
		HideSolutionNode = FALSE
	EndGlobalSection
	GlobalSection(ExtensibilityGlobals) = postSolution
		SolutionGuid = {A4687A9C-9C0C-4798-AE2F-6D5962E6485C}
	EndGlobalSection
EndGlobal
